hash: e8c378904a6211dbb697d7d7d5408539bf7d6d3e644b4339d1f0ed9f7ef1c68e
updated: 2017-07-18T21:49:23.4380565+08:00
imports:
- name: github.com/astaxie/beego
  version: cab8458c1c4a5a3b4bf5192922be620e6dede15b
  subpackages:
  - config
- name: github.com/leesper/holmes
  version: 094aa44caf1225f0209344f508a8aacdba48f4b9
- name: github.com/leesper/tao
  version: c8f71af537afb4d4b1157db05add1b8722204240
- name: golang.org/x/net
  version: b3756b4b77d7b13260a0a2ec658753cf48922eac
  subpackages:
  - websocket
testImports:
- name: github.com/smartystreets/goconvey
  version: d4c757aa9afd1e2fc1832aaab209b5794eb336e1
  subpackages:
  - convey
